
Microsoft Visual Studio Solution File, Format Version 12.00
# Visual Studio Version 16
VisualStudioVersion = 16.0.29409.12
MinimumVisualStudioVersion = 10.0.40219.1
Project("{FAE04EC0-301F-11D3-BF4B-00C04F79EFBC}") = "MagicHomeAurora", "MagicHomeAurora\MagicHomeAurora.csproj", "{B4D045B0-F283-4BED-89B8-3DA2B219792B}"
EndProject
Global
	GlobalSection(SolutionConfigurationPlatforms) = preSolution
		Debug|Any CPU = Debug|Any CPU
		Release|Any CPU = Release|Any CPU
	EndGlobalSection
	GlobalSection(ProjectConfigurationPlatforms) = postSolution
		{B4D045B0-F283-4BED-89B8-3DA2B219792B}.Debug|Any CPU.ActiveCfg = Debug|Any CPU
		{B4D045B0-F283-4BED-89B8-3DA2B219792B}.Debug|Any CPU.Build.0 = Debug|Any CPU
		{B4D045B0-F283-4BED-89B8-3DA2B219792B}.Release|Any CPU.ActiveCfg = Release|Any CPU
		{B4D045B0-F283-4BED-89B8-3DA2B219792B}.Release|Any CPU.Build.0 = Release|Any CPU
	EndGlobalSection
	GlobalSection(SolutionProperties) = preSolution
		HideSolutionNode = FALSE
	EndGlobalSection
	GlobalSection(ExtensibilityGlobals) = postSolution
		SolutionGuid = {68CBC670-C837-44F0-BB15-E8D2E9D744AD}
	EndGlobalSection
EndGlobal
